
Microsoft Visual Studio Solution File, Format Version 12.00
# Visual Studio Version 17
VisualStudioVersion = 17.7.34018.315
MinimumVisualStudioVersion = 10.0.40219.1
Project("{9A19103F-16F7-4668-BE54-9A1E7A4F7556}") = "DataTypesAndVariables", "DataTypesAndVariables\DataTypesAndVariables.csproj", "{E1078194-19D4-43D7-B314-CCCEE6F11C33}"
EndProject
Project("{9A19103F-16F7-4668-BE54-9A1E7A4F7556}") = "Conditionals", "Conditionals\Conditionals.csproj", "{F370B1EA-DB46-408B-BD24-EE6DC706487C}"
EndProject
Project("{9A19103F-16F7-4668-BE54-9A1E7A4F7556}") = "Methods", "Methods\Methods.csproj", "{462054AF-9FE7-4B28-983B-ECDA4B3E7BDF}"
EndProject
Project("{9A19103F-16F7-4668-BE54-9A1E7A4F7556}") = "Arrays", "Arrays\Arrays.csproj", "{070CAF7A-C194-4D4D-B1C1-F8C0B103AFC4}"
EndProject
Project("{9A19103F-16F7-4668-BE54-9A1E7A4F7556}") = "Loops", "Loops\Loops.csproj", "{AC0E1505-90BA-46E4-A9C9-DF6D70438C79}"
EndProject
Project("{9A19103F-16F7-4668-BE54-9A1E7A4F7556}") = "Strings", "Strings\Strings.csproj", "{86D68926-DE0B-4CBF-8E19-060A5FBB65BD}"
EndProject
Project("{9A19103F-16F7-4668-BE54-9A1E7A4F7556}") = "Classes", "Classes\Classes.csproj", "{60C74357-6BC2-4BF3-883C-57484301AA7A}"
EndProject
Project("{FAE04EC0-301F-11D3-BF4B-00C04F79EFBC}") = "RecapDemo1", "RecapDemo1\RecapDemo1.csproj", "{11F545D4-FB40-4051-96FD-C8DF5AADECB7}"
EndProject
Project("{FAE04EC0-301F-11D3-BF4B-00C04F79EFBC}") = "Interfaces", "Interfaces\Interfaces.csproj", "{DFA1F4AF-9887-445E-A9C7-48FEC8A7D268}"
EndProject
Project("{FAE04EC0-301F-11D3-BF4B-00C04F79EFBC}") = "InterfacesDemo", "InterfacesDemo\InterfacesDemo.csproj", "{2CC149D9-C0DB-4145-BF9B-11944FF86243}"
EndProject
Project("{FAE04EC0-301F-11D3-BF4B-00C04F79EFBC}") = "Inheritance", "Inheritance\Inheritance.csproj", "{4E0E58C4-AA88-4751-A442-00F07637EE24}"
EndProject
Global
	GlobalSection(SolutionConfigurationPlatforms) = preSolution
		Debug|Any CPU = Debug|Any CPU
		Release|Any CPU = Release|Any CPU
	EndGlobalSection
	GlobalSection(ProjectConfigurationPlatforms) = postSolution
		{E1078194-19D4-43D7-B314-CCCEE6F11C33}.Debug|Any CPU.ActiveCfg = Debug|Any CPU
		{E1078194-19D4-43D7-B314-CCCEE6F11C33}.Debug|Any CPU.Build.0 = Debug|Any CPU
		{E1078194-19D4-43D7-B314-CCCEE6F11C33}.Release|Any CPU.ActiveCfg = Release|Any CPU
		{E1078194-19D4-43D7-B314-CCCEE6F11C33}.Release|Any CPU.Build.0 = Release|Any CPU
		{F370B1EA-DB46-408B-BD24-EE6DC706487C}.Debug|Any CPU.ActiveCfg = Debug|Any CPU
		{F370B1EA-DB46-408B-BD24-EE6DC706487C}.Debug|Any CPU.Build.0 = Debug|Any CPU
		{F370B1EA-DB46-408B-BD24-EE6DC706487C}.Release|Any CPU.ActiveCfg = Release|Any CPU
		{F370B1EA-DB46-408B-BD24-EE6DC706487C}.Release|Any CPU.Build.0 = Release|Any CPU
		{462054AF-9FE7-4B28-983B-ECDA4B3E7BDF}.Debug|Any CPU.ActiveCfg = Debug|Any CPU
		{462054AF-9FE7-4B28-983B-ECDA4B3E7BDF}.Debug|Any CPU.Build.0 = Debug|Any CPU
		{462054AF-9FE7-4B28-983B-ECDA4B3E7BDF}.Release|Any CPU.ActiveCfg = Release|Any CPU
		{462054AF-9FE7-4B28-983B-ECDA4B3E7BDF}.Release|Any CPU.Build.0 = Release|Any CPU
		{070CAF7A-C194-4D4D-B1C1-F8C0B103AFC4}.Debug|Any CPU.ActiveCfg = Debug|Any CPU
		{070CAF7A-C194-4D4D-B1C1-F8C0B103AFC4}.Debug|Any CPU.Build.0 = Debug|Any CPU
		{070CAF7A-C194-4D4D-B1C1-F8C0B103AFC4}.Release|Any CPU.ActiveCfg = Release|Any CPU
		{070CAF7A-C194-4D4D-B1C1-F8C0B103AFC4}.Release|Any CPU.Build.0 = Release|Any CPU
		{AC0E1505-90BA-46E4-A9C9-DF6D70438C79}.Debug|Any CPU.ActiveCfg = Debug|Any CPU
		{AC0E1505-90BA-46E4-A9C9-DF6D70438C79}.Debug|Any CPU.Build.0 = Debug|Any CPU
		{AC0E1505-90BA-46E4-A9C9-DF6D70438C79}.Release|Any CPU.ActiveCfg = Release|Any CPU
		{AC0E1505-90BA-46E4-A9C9-DF6D70438C79}.Release|Any CPU.Build.0 = Release|Any CPU
		{86D68926-DE0B-4CBF-8E19-060A5FBB65BD}.Debug|Any CPU.ActiveCfg = Debug|Any CPU
		{86D68926-DE0B-4CBF-8E19-060A5FBB65BD}.Debug|Any CPU.Build.0 = Debug|Any CPU
		{86D68926-DE0B-4CBF-8E19-060A5FBB65BD}.Release|Any CPU.ActiveCfg = Release|Any CPU
		{86D68926-DE0B-4CBF-8E19-060A5FBB65BD}.Release|Any CPU.Build.0 = Release|Any CPU
		{60C74357-6BC2-4BF3-883C-57484301AA7A}.Debug|Any CPU.ActiveCfg = Debug|Any CPU
		{60C74357-6BC2-4BF3-883C-57484301AA7A}.Debug|Any CPU.Build.0 = Debug|Any CPU
		{60C74357-6BC2-4BF3-883C-57484301AA7A}.Release|Any CPU.ActiveCfg = Release|Any CPU
		{60C74357-6BC2-4BF3-883C-57484301AA7A}.Release|Any CPU.Build.0 = Release|Any CPU
		{11F545D4-FB40-4051-96FD-C8DF5AADECB7}.Debug|Any CPU.ActiveCfg = Debug|Any CPU
		{11F545D4-FB40-4051-96FD-C8DF5AADECB7}.Debug|Any CPU.Build.0 = Debug|Any CPU
		{11F545D4-FB40-4051-96FD-C8DF5AADECB7}.Release|Any CPU.ActiveCfg = Release|Any CPU
		{11F545D4-FB40-4051-96FD-C8DF5AADECB7}.Release|Any CPU.Build.0 = Release|Any CPU
		{DFA1F4AF-9887-445E-A9C7-48FEC8A7D268}.Debug|Any CPU.ActiveCfg = Debug|Any CPU
		{DFA1F4AF-9887-445E-A9C7-48FEC8A7D268}.Debug|Any CPU.Build.0 = Debug|Any CPU
		{DFA1F4AF-9887-445E-A9C7-48FEC8A7D268}.Release|Any CPU.ActiveCfg = Release|Any CPU
		{DFA1F4AF-9887-445E-A9C7-48FEC8A7D268}.Release|Any CPU.Build.0 = Release|Any CPU
		{2CC149D9-C0DB-4145-BF9B-11944FF86243}.Debug|Any CPU.ActiveCfg = Debug|Any CPU
		{2CC149D9-C0DB-4145-BF9B-11944FF86243}.Debug|Any CPU.Build.0 = Debug|Any CPU
		{2CC149D9-C0DB-4145-BF9B-11944FF86243}.Release|Any CPU.ActiveCfg = Release|Any CPU
		{2CC149D9-C0DB-4145-BF9B-11944FF86243}.Release|Any CPU.Build.0 = Release|Any CPU
		{4E0E58C4-AA88-4751-A442-00F07637EE24}.Debug|Any CPU.ActiveCfg = Debug|Any CPU
		{4E0E58C4-AA88-4751-A442-00F07637EE24}.Debug|Any CPU.Build.0 = Debug|Any CPU
		{4E0E58C4-AA88-4751-A442-00F07637EE24}.Release|Any CPU.ActiveCfg = Release|Any CPU
		{4E0E58C4-AA88-4751-A442-00F07637EE24}.Release|Any CPU.Build.0 = Release|Any CPU
	EndGlobalSection
	GlobalSection(SolutionProperties) = preSolution
		HideSolutionNode = FALSE
	EndGlobalSection
	GlobalSection(ExtensibilityGlobals) = postSolution
		SolutionGuid = {D2255E7B-61F0-4E2D-AD98-DE7D919DB77D}
	EndGlobalSection
EndGlobal
